github.com/davecgh/go-spew v1.1.0/go.mod h1:J7Y8YcW2NihsgmVo/mv3lAwl/skON4iLHjSsI+c5H38=
github.com/pmezard/go-difflib v1.0.0/go.mod h1:iKH77koFhYxTK1pcRnkKkqfTogsbg7gZNVY4sRDYZ/4=
github.com/stretchr/objx v0.1.0/go.mod h1:HFkY916IF+rwdDfMAkV7OtwuqBVzrE8GR6GFx+wExME=
github.com/stretchr/testify v1.5.1/go.mod h1:5W2xD1RspED5o8YsWQXVCued0rvSQ+mT+I5cxcmMvtA=
github.com/xfrr/goffmpeg v0.0.0-20200825100927-5550d238df5c h1:ydcAlElffxxmOn982VmNsx56UM2Op2OetAPura00Bec=
github.com/xfrr/goffmpeg v0.0.0-20200825100927-5550d238df5c/go.mod h1:fVs4qpwtgjOHD31cTmdHppcr/6vD8QHrAVAu2jTSVFI=
github.com/zelenin/go-mediainfo v1.0.0 h1:P0rKGyrSwKBCj37Ul7TLkrhf5OVBPlh3fFe9ZqjiaKQ=
github.com/zelenin/go-mediainfo v1.0.0/go.mod h1:6jxR5y1gDozFdCD7NYq/kUjCo5nqeogYCal6wpv81nY=
gopkg.in/check.v1 v0.0.0-20161208181325-20d25e280405/go.mod h1:Co6ibVJAznAaIkqp8huTwlJQCZ016jof/cbN4VW5Yz0=
gopkg.in/yaml.v2 v2.2.2/go.mod h1:hI93XBmqTisBFMUTm0b8Fm+jr3Dg1NNxqwp+5A1VGuI=
